
Microsoft Visual Studio Solution File, Format Version 12.00
# Visual Studio Version 16
VisualStudioVersion = 16.0.30711.63
MinimumVisualStudioVersion = 10.0.40219.1
Project("{9A19103F-16F7-4668-BE54-9A1E7A4F7556}") = "D2SLib", "src\D2SLib.csproj", "{BA0A2A07-363C-4284-87C9-71F1349F0583}"
EndProject
Project("{FAE04EC0-301F-11D3-BF4B-00C04F79EFBC}") = "D2SLibTests", "test\D2SLibTests.csproj", "{F2F223AD-BCE4-47B3-BAF8-DA2D533FD05F}"
EndProject
Global
	GlobalSection(SolutionConfigurationPlatforms) = preSolution
		Debug|Any CPU = Debug|Any CPU
		Release|Any CPU = Release|Any CPU
	EndGlobalSection
	GlobalSection(ProjectConfigurationPlatforms) = postSolution
		{BA0A2A07-363C-4284-87C9-71F1349F0583}.Debug|Any CPU.ActiveCfg = Debug|Any CPU
		{BA0A2A07-363C-4284-87C9-71F1349F0583}.Debug|Any CPU.Build.0 = Debug|Any CPU
		{BA0A2A07-363C-4284-87C9-71F1349F0583}.Release|Any CPU.ActiveCfg = Release|Any CPU
		{BA0A2A07-363C-4284-87C9-71F1349F0583}.Release|Any CPU.Build.0 = Release|Any CPU
		{F2F223AD-BCE4-47B3-BAF8-DA2D533FD05F}.Debug|Any CPU.ActiveCfg = Debug|Any CPU
		{F2F223AD-BCE4-47B3-BAF8-DA2D533FD05F}.Debug|Any CPU.Build.0 = Debug|Any CPU
		{F2F223AD-BCE4-47B3-BAF8-DA2D533FD05F}.Release|Any CPU.ActiveCfg = Release|Any CPU
		{F2F223AD-BCE4-47B3-BAF8-DA2D533FD05F}.Release|Any CPU.Build.0 = Release|Any CPU
	EndGlobalSection
	GlobalSection(SolutionProperties) = preSolution
		HideSolutionNode = FALSE
	EndGlobalSection
	GlobalSection(ExtensibilityGlobals) = postSolution
		SolutionGuid = {1F294F48-D408-43E4-BED3-97DF83E20574}
	EndGlobalSection
EndGlobal
